
Microsoft Visual Studio Solution File, Format Version 12.00
# Visual Studio 15
VisualStudioVersion = 15.0.28307.168
MinimumVisualStudioVersion = 10.0.40219.1
Project("{FAE04EC0-301F-11D3-BF4B-00C04F79EFBC}") = "Sequence Printer (1.1)", "Sequence Printer (1.1)\Sequence Printer (1.1).csproj", "{F74F6301-A777-4208-A699-DCE0DB990C71}"
EndProject
Global
	GlobalSection(SolutionConfigurationPlatforms) = preSolution
		Debug|Any CPU = Debug|Any CPU
		Release|Any CPU = Release|Any CPU
	EndGlobalSection
	GlobalSection(ProjectConfigurationPlatforms) = postSolution
		{F74F6301-A777-4208-A699-DCE0DB990C71}.Debug|Any CPU.ActiveCfg = Debug|Any CPU
		{F74F6301-A777-4208-A699-DCE0DB990C71}.Debug|Any CPU.Build.0 = Debug|Any CPU
		{F74F6301-A777-4208-A699-DCE0DB990C71}.Release|Any CPU.ActiveCfg = Release|Any CPU
		{F74F6301-A777-4208-A699-DCE0DB990C71}.Release|Any CPU.Build.0 = Release|Any CPU
	EndGlobalSection
	GlobalSection(SolutionProperties) = preSolution
		HideSolutionNode = FALSE
	EndGlobalSection
	GlobalSection(ExtensibilityGlobals) = postSolution
		SolutionGuid = {0FF7F795-B0E0-4173-A97C-498E8FB2D920}
	EndGlobalSection
EndGlobal
